Microsoft Visual Studio Solution File, Format Version 11.00
# Visual Studio 2008

Project("{2F14126D-B08B-B3CE-1035-8B0DC7E28C2B}") = "Unity-max-7", "Assembly-CSharp-firstpass-vs.csproj", "{4DCE6202-0BB9-BAAA-4B8B-57387750735C}"
EndProject
Project("{2F14126D-B08B-B3CE-1035-8B0DC7E28C2B}") = "Unity-max-7", "Assembly-CSharp-Editor-vs.csproj", "{1B5E31A2-1836-7359-844D-5872A557AEAF}"
EndProject
Global
	GlobalSection(SolutionConfigurationPlatforms) = preSolution
		Debug|Any CPU = Debug|Any CPU
		Release|Any CPU = Release|Any CPU
	EndGlobalSection
	GlobalSection(ProjectConfigurationPlatforms) = postSolution
		{4DCE6202-0BB9-BAAA-4B8B-57387750735C}.Debug|Any CPU.ActiveCfg = Debug|Any CPU
		{4DCE6202-0BB9-BAAA-4B8B-57387750735C}.Debug|Any CPU.Build.0 = Debug|Any CPU
		{4DCE6202-0BB9-BAAA-4B8B-57387750735C}.Release|Any CPU.ActiveCfg = Release|Any CPU
		{4DCE6202-0BB9-BAAA-4B8B-57387750735C}.Release|Any CPU.Build.0 = Release|Any CPU
		{1B5E31A2-1836-7359-844D-5872A557AEAF}.Debug|Any CPU.ActiveCfg = Debug|Any CPU
		{1B5E31A2-1836-7359-844D-5872A557AEAF}.Debug|Any CPU.Build.0 = Debug|Any CPU
		{1B5E31A2-1836-7359-844D-5872A557AEAF}.Release|Any CPU.ActiveCfg = Release|Any CPU
		{1B5E31A2-1836-7359-844D-5872A557AEAF}.Release|Any CPU.Build.0 = Release|Any CPU
	EndGlobalSection
	GlobalSection(SolutionProperties) = preSolution
		HideSolutionNode = FALSE
	EndGlobalSection
																					GlobalSection(MonoDevelopProperties) = preSolution
		StartupItem = Assembly-CSharp.csproj
		Policies = $0
		$0.TextStylePolicy = $1
		$1.inheritsSet = null
		$1.scope = text/x-csharp
		$0.CSharpFormattingPolicy = $2
		$2.inheritsSet = Mono
		$2.inheritsScope = text/x-csharp
		$2.scope = text/x-csharp
		$0.TextStylePolicy = $3
		$3.FileWidth = 120
		$3.TabWidth = 4
		$3.EolMarker = Unix
		$3.inheritsSet = Mono
		$3.inheritsScope = text/plain
		$3.scope = text/plain
	EndGlobalSection

EndGlobal
